// !$*UTF8*$!
{
	archiveVersion = 1;
	classes = {
	};
	objectVersion = 56;
	objects = {

/* Begin PBXBuildFile section */
		5C82B88528133FAE4A9B7F02 /* Pods_er_data_analysis.framework in Frameworks */ = {isa = PBXBuildFile; fileRef = 910F2D3C4D91F7B081BD51AF /* Pods_er_data_analysis.framework */; };
		94423A1E2AA01BFA0056D137 /* er_data_analysisApp.swift in Sources */ = {isa = PBXBuildFile; fileRef = 94423A1D2AA01BFA0056D137 /* er_data_analysisApp.swift */; };
		94423A202AA01BFA0056D137 /* ContentView.swift in Sources */ = {isa = PBXBuildFile; fileRef = 94423A1F2AA01BFA0056D137 /* ContentView.swift */; };
		94423A222AA01BFB0056D137 /* Assets.xcassets in Resources */ = {isa = PBXBuildFile; fileRef = 94423A212AA01BFB0056D137 /* Assets.xcassets */; };
		94423A252AA01BFB0056D137 /* Preview Assets.xcassets in Resources */ = {isa = PBXBuildFile; fileRef = 94423A242AA01BFB0056D137 /* Preview Assets.xcassets */; };
		9480B70D2AA0455C00AD73FD /* UserInfo.swift in Sources */ = {isa = PBXBuildFile; fileRef = 9480B70C2AA0455B00AD73FD /* UserInfo.swift */; };
/* End PBXBuildFile section */

/* Begin PBXFileReference section */
		622919F929AE9698811246D6 /* Pods-er-data-analysis.release.xcconfig */ = {isa = PBXFileReference; includeInIndex = 1; lastKnownFileType = text.xcconfig; name = "Pods-er-data-analysis.release.xcconfig"; path = "Target Support Files/Pods-er-data-analysis/Pods-er-data-analysis.release.xcconfig"; sourceTree = "<group>"; };
		77C86D787829A73EC5FD436F /* Pods-er-data-analysis.debug.xcconfig */ = {isa = PBXFileReference; includeInIndex = 1; lastKnownFileType = text.xcconfig; name = "Pods-er-data-analysis.debug.xcconfig"; path = "Target Support Files/Pods-er-data-analysis/Pods-er-data-analysis.debug.xcconfig"; sourceTree = "<group>"; };
		910F2D3C4D91F7B081BD51AF /* Pods_er_data_analysis.framework */ = {isa = PBXFileReference; explicitFileType = wrapper.framework; includeInIndex = 0; path = Pods_er_data_analysis.framework; sourceTree = BUILT_PRODUCTS_DIR; };
		94423A1A2AA01BFA0056D137 /* er-data-analysis.app */ = {isa = PBXFileReference; explicitFileType = wrapper.application; includeInIndex = 0; path = "er-data-analysis.app"; sourceTree = BUILT_PRODUCTS_DIR; };
		94423A1D2AA01BFA0056D137 /* er_data_analysisApp.swift */ = {isa = PBXFileReference; lastKnownFileType = sourcecode.swift; path = er_data_analysisApp.swift; sourceTree = "<group>"; };
		94423A1F2AA01BFA0056D137 /* ContentView.swift */ = {isa = PBXFileReference; lastKnownFileType = sourcecode.swift; path = ContentView.swift; sourceTree = "<group>"; };
		94423A212AA01BFB0056D137 /* Assets.xcassets */ = {isa = PBXFileReference; lastKnownFileType = folder.assetcatalog; path = Assets.xcassets; sourceTree = "<group>"; };
		94423A242AA01BFB0056D137 /* Preview Assets.xcassets */ = {isa = PBXFileReference; lastKnownFileType = folder.assetcatalog; path = "Preview Assets.xcassets"; sourceTree = "<group>"; };
		9480B70C2AA0455B00AD73FD /* UserInfo.swift */ = {isa = PBXFileReference; lastKnownFileType = sourcecode.swift; path = UserInfo.swift; sourceTree = "<group>"; };
/* End PBXFileReference section */

/* Begin PBXFrameworksBuildPhase section */
		94423A172AA01BFA0056D137 /* Frameworks */ = {
			isa = PBXFrameworksBuildPhase;
			buildActionMask = 2147483647;
			files = (
				5C82B88528133FAE4A9B7F02 /* Pods_er_data_analysis.framework in Frameworks */,
			);
			runOnlyForDeploymentPostprocessing = 0;
		};
/* End PBXFrameworksBuildPhase section */

/* Begin PBXGroup section */
		0B02EBD3D63FF0E0154E2131 /* Pods */ = {
			isa = PBXGroup;
			children = (
				77C86D787829A73EC5FD436F /* Pods-er-data-analysis.debug.xcconfig */,
				622919F929AE9698811246D6 /* Pods-er-data-analysis.release.xcconfig */,
			);
			name = Pods;
			path = Pods;
			sourceTree = "<group>";
		};
		6272F4A956601E9D1061479C /* Frameworks */ = {
			isa = PBXGroup;
			children = (
				910F2D3C4D91F7B081BD51AF /* Pods_er_data_analysis.framework */,
			);
			name = Frameworks;
			sourceTree = "<group>";
		};
		94423A112AA01BFA0056D137 = {
			isa = PBXGroup;
			children = (
				94423A1C2AA01BFA0056D137 /* er-data-analysis */,
				94423A1B2AA01BFA0056D137 /* Products */,
				0B02EBD3D63FF0E0154E2131 /* Pods */,
				6272F4A956601E9D1061479C /* Frameworks */,
			);
			sourceTree = "<group>";
		};
		94423A1B2AA01BFA0056D137 /* Products */ = {
			isa = PBXGroup;
			children = (
				94423A1A2AA01BFA0056D137 /* er-data-analysis.app */,
			);
			name = Products;
			sourceTree = "<group>";
		};
		94423A1C2AA01BFA0056D137 /* er-data-analysis */ = {
			isa = PBXGroup;
			children = (
				94423A1D2AA01BFA0056D137 /* er_data_analysisApp.swift */,
				94423A1F2AA01BFA0056D137 /* ContentView.swift */,
				9480B70C2AA0455B00AD73FD /* UserInfo.swift */,
				94423A212AA01BFB0056D137 /* Assets.xcassets */,
				94423A232AA01BFB0056D137 /* Preview Content */,
			);
			path = "er-data-analysis";
			sourceTree = "<group>";
		};
		94423A232AA01BFB0056D137 /* Preview Content */ = {
			isa = PBXGroup;
			children = (
				94423A242AA01BFB0056D137 /* Preview Assets.xcassets */,
			);
			path = "Preview Content";
			sourceTree = "<group>";
		};
/* End PBXGroup section */

/* Begin PBXNativeTarget section */
		94423A192AA01BFA0056D137 /* er-data-analysis */ = {
			isa = PBXNativeTarget;
			buildConfigurationList = 94423A282AA01BFB0056D137 /* Build configuration list for PBXNativeTarget "er-data-analysis" */;
			buildPhases = (
				157B9A885179C5C9EF026B32 /* [CP] Check Pods Manifest.lock */,
				94423A162AA01BFA0056D137 /* Sources */,
				94423A172AA01BFA0056D137 /* Frameworks */,
				94423A182AA01BFA0056D137 /* Resources */,
				5F2AD773C31939D4271D0F60 /* [CP] Embed Pods Frameworks */,
			);
			buildRules = (
			);
			dependencies = (
			);
			name = "er-data-analysis";
			productName = "er-data-analysis";
			productReference = 94423A1A2AA01BFA0056D137 /* er-data-analysis.app */;
			productType = "com.apple.product-type.application";
		};
/* End PBXNativeTarget section */

/* Begin PBXProject section */
		94423A122AA01BFA0056D137 /* Project object */ = {
			isa = PBXProject;
			attributes = {
				BuildIndependentTargetsInParallel = 1;
				LastSwiftUpdateCheck = 1420;
				LastUpgradeCheck = 1420;
				TargetAttributes = {
					94423A192AA01BFA0056D137 = {
						CreatedOnToolsVersion = 14.2;
					};
				};
			};
			buildConfigurationList = 94423A152AA01BFA0056D137 /* Build configuration list for PBXProject "er-data-analysis" */;
			compatibilityVersion = "Xcode 14.0";
			developmentRegion = en;
			hasScannedForEncodings = 0;
			knownRegions = (
				en,
				Base,
			);
			mainGroup = 94423A112AA01BFA0056D137;
			productRefGroup = 94423A1B2AA01BFA0056D137 /* Products */;
			projectDirPath = "";
			projectRoot = "";
			targets = (
				94423A192AA01BFA0056D137 /* er-data-analysis */,
			);
		};
/* End PBXProject section */

/* Begin PBXResourcesBuildPhase section */
		94423A182AA01BFA0056D137 /* Resources */ = {
			isa = PBXResourcesBuildPhase;
			buildActionMask = 2147483647;
			files = (
				94423A252AA01BFB0056D137 /* Preview Assets.xcassets in Resources */,
				94423A222AA01BFB0056D137 /* Assets.xcassets in Resources */,
			);
			runOnlyForDeploymentPostprocessing = 0;
		};
/* End PBXResourcesBuildPhase section */

/* Begin PBXShellScriptBuildPhase section */
		157B9A885179C5C9EF026B32 /* [CP] Check Pods Manifest.lock */ = {
			isa = PBXShellScriptBuildPhase;
			buildActionMask = 2147483647;
			files = (
			);
			inputFileListPaths = (
			);
			inputPaths = (
				"${PODS_PODFILE_DIR_PATH}/Podfile.lock",
				"${PODS_ROOT}/Manifest.lock",
			);
			name = "[CP] Check Pods Manifest.lock";
			outputFileListPaths = (
			);
			outputPaths = (
				"$(DERIVED_FILE_DIR)/Pods-er-data-analysis-checkManifestLockResult.txt",
			);
			runOnlyForDeploymentPostprocessing = 0;
			shellPath = /bin/sh;
			shellScript = "diff \"${PODS_PODFILE_DIR_PATH}/Podfile.lock\" \"${PODS_ROOT}/Manifest.lock\" > /dev/null\nif [ $? != 0 ] ; then\n    # print error to STDERR\n    echo \"error: The sandbox is not in sync with the Podfile.lock. Run 'pod install' or update your CocoaPods installation.\" >&2\n    exit 1\nfi\n# This output is used by Xcode 'outputs' to avoid re-running this script phase.\necho \"SUCCESS\" > \"${SCRIPT_OUTPUT_FILE_0}\"\n";
			showEnvVarsInLog = 0;
		};
		5F2AD773C31939D4271D0F60 /* [CP] Embed Pods Frameworks */ = {
			isa = PBXShellScriptBuildPhase;
			buildActionMask = 2147483647;
			files = (
			);
			inputFileListPaths = (
				"${PODS_ROOT}/Target Support Files/Pods-er-data-analysis/Pods-er-data-analysis-frameworks-${CONFIGURATION}-input-files.xcfilelist",
			);
			name = "[CP] Embed Pods Frameworks";
			outputFileListPaths = (
				"${PODS_ROOT}/Target Support Files/Pods-er-data-analysis/Pods-er-data-analysis-frameworks-${CONFIGURATION}-output-files.xcfilelist",
			);
			runOnlyForDeploymentPostprocessing = 0;
			shellPath = /bin/sh;
			shellScript = "\"${PODS_ROOT}/Target Support Files/Pods-er-data-analysis/Pods-er-data-analysis-frameworks.sh\"\n";
			showEnvVarsInLog = 0;
		};
/* End PBXShellScriptBuildPhase section */

/* Begin PBXSourcesBuildPhase section */
		94423A162AA01BFA0056D137 /* Sources */ = {
			isa = PBXSourcesBuildPhase;
			buildActionMask = 2147483647;
			files = (
				94423A202AA01BFA0056D137 /* ContentView.swift in Sources */,
				9480B70D2AA0455C00AD73FD /* UserInfo.swift in Sources */,
				94423A1E2AA01BFA0056D137 /* er_data_analysisApp.swift in Sources */,
			);
			runOnlyForDeploymentPostprocessing = 0;
		};
/* End PBXSourcesBuildPhase section */

/* Begin XCBuildConfiguration section */
		94423A262AA01BFB0056D137 /* Debug */ = {
			isa = XCBuildConfiguration;
			buildSettings = {
				ALWAYS_SEARCH_USER_PATHS = NO;
				CLANG_ANALYZER_NONNULL = YES;
				CLANG_ANALYZER_NUMBER_OBJECT_CONVERSION = YES_AGGRESSIVE;
				CLANG_CXX_LANGUAGE_STANDARD = "gnu++20";
				CLANG_ENABLE_MODULES = YES;
				CLANG_ENABLE_OBJC_ARC = YES;
				CLANG_ENABLE_OBJC_WEAK = YES;
				CLANG_WARN_BLOCK_CAPTURE_AUTORELEASING = YES;
				CLANG_WARN_BOOL_CONVERSION = YES;
				CLANG_WARN_COMMA = YES;
				CLANG_WARN_CONSTANT_CONVERSION = YES;
				CLANG_WARN_DEPRECATED_OBJC_IMPLEMENTATIONS = YES;
				CLANG_WARN_DIRECT_OBJC_ISA_USAGE = YES_ERROR;
				CLANG_WARN_DOCUMENTATION_COMMENTS = YES;
				CLANG_WARN_EMPTY_BODY = YES;
				CLANG_WARN_ENUM_CONVERSION = YES;
				CLANG_WARN_INFINITE_RECURSION = YES;
				CLANG_WARN_INT_CONVERSION = YES;
				CLANG_WARN_NON_LITERAL_NULL_CONVERSION = YES;
				CLANG_WARN_OBJC_IMPLICIT_RETAIN_SELF = YES;
				CLANG_WARN_OBJC_LITERAL_CONVERSION = YES;
				CLANG_WARN_OBJC_ROOT_CLASS = YES_ERROR;
				CLANG_WARN_QUOTED_INCLUDE_IN_FRAMEWORK_HEADER = YES;
				CLANG_WARN_RANGE_LOOP_ANALYSIS = YES;
				CLANG_WARN_STRICT_PROTOTYPES = YES;
				CLANG_WARN_SUSPICIOUS_MOVE = YES;
				CLANG_WARN_UNGUARDED_AVAILABILITY = YES_AGGRESSIVE;
				CLANG_WARN_UNREACHABLE_CODE = YES;
				CLANG_WARN__DUPLICATE_METHOD_MATCH = YES;
				COPY_PHASE_STRIP = NO;
				DEBUG_INFORMATION_FORMAT = dwarf;
				ENABLE_STRICT_OBJC_MSGSEND = YES;
				ENABLE_TESTABILITY = YES;
				GCC_C_LANGUAGE_STANDARD = gnu11;
				GCC_DYNAMIC_NO_PIC = NO;
				GCC_NO_COMMON_BLOCKS = YES;
				GCC_OPTIMIZATION_LEVEL = 0;
				GCC_PREPROCESSOR_DEFINITIONS = (
					"DEBUG=1",
					"$(inherited)",
				);
				GCC_WARN_64_TO_32_BIT_CONVERSION = YES;
				GCC_WARN_ABOUT_RETURN_TYPE = YES_ERROR;
				GCC_WARN_UNDECLARED_SELECTOR = YES;
				GCC_WARN_UNINITIALIZED_AUTOS = YES_AGGRESSIVE;
				GCC_WARN_UNUSED_FUNCTION = YES;
				GCC_WARN_UNUSED_VARIABLE = YES;
				IPHONEOS_DEPLOYMENT_TARGET = 16.2;
				MTL_ENABLE_DEBUG_INFO = INCLUDE_SOURCE;
				MTL_FAST_MATH = YES;
				ONLY_ACTIVE_ARCH = YES;
				SDKROOT = iphoneos;
				SWIFT_ACTIVE_COMPILATION_CONDITIONS = DEBUG;
				SWIFT_OPTIMIZATION_LEVEL = "-Onone";
			};
			name = Debug;
		};
		94423A272AA01BFB0056D137 /* Release */ = {
			isa = XCBuildConfiguration;
			buildSettings = {
				ALWAYS_SEARCH_USER_PATHS = NO;
				CLANG_ANALYZER_NONNULL = YES;
				CLANG_ANALYZER_NUMBER_OBJECT_CONVERSION = YES_AGGRESSIVE;
				CLANG_CXX_LANGUAGE_STANDARD = "gnu++20";
				CLANG_ENABLE_MODULES = YES;
				CLANG_ENABLE_OBJC_ARC = YES;
				CLANG_ENABLE_OBJC_WEAK = YES;
				CLANG_WARN_BLOCK_CAPTURE_AUTORELEASING = YES;
				CLANG_WARN_BOOL_CONVERSION = YES;
				CLANG_WARN_COMMA = YES;
				CLANG_WARN_CONSTANT_CONVERSION = YES;
				CLANG_WARN_DEPRECATED_OBJC_IMPLEMENTATIONS = YES;
				CLANG_WARN_DIRECT_OBJC_ISA_USAGE = YES_ERROR;
				CLANG_WARN_DOCUMENTATION_COMMENTS = YES;
				CLANG_WARN_EMPTY_BODY = YES;
				CLANG_WARN_ENUM_CONVERSION = YES;
				CLANG_WARN_INFINITE_RECURSION = YES;
				CLANG_WARN_INT_CONVERSION = YES;
				CLANG_WARN_NON_LITERAL_NULL_CONVERSION = YES;
				CLANG_WARN_OBJC_IMPLICIT_RETAIN_SELF = YES;
				CLANG_WARN_OBJC_LITERAL_CONVERSION = YES;
				CLANG_WARN_OBJC_ROOT_CLASS = YES_ERROR;
				CLANG_WARN_QUOTED_INCLUDE_IN_FRAMEWORK_HEADER = YES;
				CLANG_WARN_RANGE_LOOP_ANALYSIS = YES;
				CLANG_WARN_STRICT_PROTOTYPES = YES;
				CLANG_WARN_SUSPICIOUS_MOVE = YES;
				CLANG_WARN_UNGUARDED_AVAILABILITY = YES_AGGRESSIVE;
				CLANG_WARN_UNREACHABLE_CODE = YES;
				CLANG_WARN__DUPLICATE_METHOD_MATCH = YES;
				COPY_PHASE_STRIP = NO;
				DEBUG_INFORMATION_FORMAT = "dwarf-with-dsym";
				ENABLE_NS_ASSERTIONS = NO;
				ENABLE_STRICT_OBJC_MSGSEND = YES;
				GCC_C_LANGUAGE_STANDARD = gnu11;
				GCC_NO_COMMON_BLOCKS = YES;
				GCC_WARN_64_TO_32_BIT_CONVERSION = YES;
				GCC_WARN_ABOUT_RETURN_TYPE = YES_ERROR;
				GCC_WARN_UNDECLARED_SELECTOR = YES;
				GCC_WARN_UNINITIALIZED_AUTOS = YES_AGGRESSIVE;
				GCC_WARN_UNUSED_FUNCTION = YES;
				GCC_WARN_UNUSED_VARIABLE = YES;
				IPHONEOS_DEPLOYMENT_TARGET = 16.2;
				MTL_ENABLE_DEBUG_INFO = NO;
				MTL_FAST_MATH = YES;
				SDKROOT = iphoneos;
				SWIFT_COMPILATION_MODE = wholemodule;
				SWIFT_OPTIMIZATION_LEVEL = "-O";
				VALIDATE_PRODUCT = YES;
			};
			name = Release;
		};
		94423A292AA01BFB0056D137 /* Debug */ = {
			isa = XCBuildConfiguration;
			baseConfigurationReference = 77C86D787829A73EC5FD436F /* Pods-er-data-analysis.debug.xcconfig */;
			buildSettings = {
				ASSETCATALOG_COMPILER_APPICON_NAME = AppIcon;
				ASSETCATALOG_COMPILER_GLOBAL_ACCENT_COLOR_NAME = AccentColor;
				CODE_SIGN_STYLE = Automatic;
				CURRENT_PROJECT_VERSION = 1;
				DEVELOPMENT_ASSET_PATHS = "\"er-data-analysis/Preview Content\"";
				DEVELOPMENT_TEAM = Z8GL4WZP67;
				ENABLE_PREVIEWS = YES;
				GENERATE_INFOPLIST_FILE = YES;
				INFOPLIST_KEY_UIApplicationSceneManifest_Generation = YES;
				INFOPLIST_KEY_UIApplicationSupportsIndirectInputEvents = YES;
				INFOPLIST_KEY_UILaunchScreen_Generation = YES;
				INFOPLIST_KEY_UISupportedInterfaceOrientations_iPad = "UIInterfaceOrientationPortrait UIInterfaceOrientationPortraitUpsideDown UIInterfaceOrientationLandscapeLeft UIInterfaceOrientationLandscapeRight";
				INFOPLIST_KEY_UISupportedInterfaceOrientations_iPhone = "UIInterfaceOrientationPortrait UIInterfaceOrientationLandscapeLeft UIInterfaceOrientationLandscapeRight";
				LD_RUNPATH_SEARCH_PATHS = (
					"$(inherited)",
					"@executable_path/Frameworks",
				);
				MARKETING_VERSION = 1.0;
				PRODUCT_BUNDLE_IDENTIFIER = "october03.er-data-analysis";
				PRODUCT_NAME = "$(TARGET_NAME)";
				SWIFT_EMIT_LOC_STRINGS = YES;
				SWIFT_VERSION = 5.0;
				TARGETED_DEVICE_FAMILY = "1,2";
			};
			name = Debug;
		};
		94423A2A2AA01BFB0056D137 /* Release */ = {
			isa = XCBuildConfiguration;
			baseConfigurationReference = 622919F929AE9698811246D6 /* Pods-er-data-analysis.release.xcconfig */;
			buildSettings = {
				ASSETCATALOG_COMPILER_APPICON_NAME = AppIcon;
				ASSETCATALOG_COMPILER_GLOBAL_ACCENT_COLOR_NAME = AccentColor;
				CODE_SIGN_STYLE = Automatic;
				CURRENT_PROJECT_VERSION = 1;
				DEVELOPMENT_ASSET_PATHS = "\"er-data-analysis/Preview Content\"";
				DEVELOPMENT_TEAM = Z8GL4WZP67;
				ENABLE_PREVIEWS = YES;
				GENERATE_INFOPLIST_FILE = YES;
				INFOPLIST_KEY_UIApplicationSceneManifest_Generation = YES;
				INFOPLIST_KEY_UIApplicationSupportsIndirectInputEvents = YES;
				INFOPLIST_KEY_UILaunchScreen_Generation = YES;
				INFOPLIST_KEY_UISupportedInterfaceOrientations_iPad = "UIInterfaceOrientationPortrait UIInterfaceOrientationPortraitUpsideDown UIInterfaceOrientationLandscapeLeft UIInterfaceOrientationLandscapeRight";
				INFOPLIST_KEY_UISupportedInterfaceOrientations_iPhone = "UIInterfaceOrientationPortrait UIInterfaceOrientationLandscapeLeft UIInterfaceOrientationLandscapeRight";
				LD_RUNPATH_SEARCH_PATHS = (
					"$(inherited)",
					"@executable_path/Frameworks",
				);
				MARKETING_VERSION = 1.0;
				PRODUCT_BUNDLE_IDENTIFIER = "october03.er-data-analysis";
				PRODUCT_NAME = "$(TARGET_NAME)";
				SWIFT_EMIT_LOC_STRINGS = YES;
				SWIFT_VERSION = 5.0;
				TARGETED_DEVICE_FAMILY = "1,2";
			};
			name = Release;
		};
/* End XCBuildConfiguration section */

/* Begin XCConfigurationList section */
		94423A152AA01BFA0056D137 /* Build configuration list for PBXProject "er-data-analysis" */ = {
			isa = XCConfigurationList;
			buildConfigurations = (
				94423A262AA01BFB0056D137 /* Debug */,
				94423A272AA01BFB0056D137 /* Release */,
			);
			defaultConfigurationIsVisible = 0;
			defaultConfigurationName = Release;
		};
		94423A282AA01BFB0056D137 /* Build configuration list for PBXNativeTarget "er-data-analysis" */ = {
			isa = XCConfigurationList;
			buildConfigurations = (
				94423A292AA01BFB0056D137 /* Debug */,
				94423A2A2AA01BFB0056D137 /* Release */,
			);
			defaultConfigurationIsVisible = 0;
			defaultConfigurationName = Release;
		};
/* End XCConfigurationList section */
	};
	rootObject = 94423A122AA01BFA0056D137 /* Project object */;
}
